PODS:
  - Flutter (1.0.0)
  - Stripe (22.7.1):
    - Stripe/Stripe3DS2 (= 22.7.1)
    - StripeApplePay (= 22.7.1)
    - StripeCore (= 22.7.1)
    - StripeUICore (= 22.7.1)
  - Stripe/Stripe3DS2 (22.7.1):
    - StripeApplePay (= 22.7.1)
    - StripeCore (= 22.7.1)
    - StripeUICore (= 22.7.1)
  - stripe_ios (0.0.1):
    - Flutter
    - Stripe (~> 22.7.0)
    - StripeFinancialConnections (~> 22.7.0)
  - StripeApplePay (22.7.1):
    - StripeCore (= 22.7.1)
  - StripeCore (22.7.1)
  - StripeFinancialConnections (22.7.1):
    - StripeCore (= 22.7.1)
    - StripeUICore (= 22.7.1)
  - StripeUICore (22.7.1):
    - StripeCore (= 22.7.1)

DEPENDENCIES:
  - Flutter (from `Flutter`)
  - stripe_ios (from `.symlinks/plugins/stripe_ios/ios`)

SPEC REPOS:
  trunk:
    - Stripe
    - StripeApplePay
    - StripeCore
    - StripeFinancialConnections
    - StripeUICore

EXTERNAL SOURCES:
  Flutter:
    :path: Flutter
  stripe_ios:
    :path: ".symlinks/plugins/stripe_ios/ios"

SPEC CHECKSUMS:
  Flutter: 405776dd0763d7e32a8f989d4e271ca1317d080c
  Stripe: fb29a476e4866fec4ef22fb76207363dd32795aa
  stripe_ios: a0caca0ef103a32909183c62a652a91a0773b443
  StripeApplePay: 09955cdf3f49b367af2feadd9c5b3bddb35446c0
  StripeCore: 39ea580c26ccc324fb9671288a2ae21114e54dca
  StripeFinancialConnections: 0e1d638388572d52ce829416fbc7b0af2bde3865
  StripeUICore: eed17e95a4517fc02482e250a6422c2a81a14ce8

PODFILE CHECKSUM: 4e8f8b2be68aeea4c0d5beb6ff1e79fface1d048

COCOAPODS: 1.11.3
